{
  "requires": true,
  "lockfileVersion": 1,
  "dependencies": {
    "forst": {
      "version": "2.0.1",
      "resolved": "https://registry.npmjs.org/forst/-/forst-2.0.1.tgz",
      "integrity": "sha512-FNIy4DuR4nY9AzjZEQWCspZPhMHFgTUTHBWMQ1XD2W1VRYX4toWdjRyTGLgYq7Y320xs+J3AL5Q9lf8S882zeQ==",
      "requires": {
        "n-deep-merge": "0.0.2"
      }
    },
    "n-deep-merge": {
      "version": "0.0.2",
      "resolved": "https://registry.npmjs.org/n-deep-merge/-/n-deep-merge-0.0.2.tgz",
      "integrity": "sha1-I20xZ+NZmaSaWlhRHISL/29nOIo="
    }
  }
}
